
Microsoft Visual Studio Solution File, Format Version 12.00
# Visual Studio Version 17
VisualStudioVersion = 17.3.32825.248
MinimumVisualStudioVersion = 10.0.40219.1
Project("{FAE04EC0-301F-11D3-BF4B-00C04F79EFBC}") = "TumakovLabs1", "TumakovLabs1\TumakovLabs1.csproj", "{412ECCFF-732C-47AD-BF8D-F955AA18BE7E}"
EndProject
Project("{FAE04EC0-301F-11D3-BF4B-00C04F79EFBC}") = "Homework", "Homework\Homework.csproj", "{0509D56D-1AAC-4AC4-B45E-4C86027E36F7}"
EndProject
Global
	GlobalSection(SolutionConfigurationPlatforms) = preSolution
		Debug|Any CPU = Debug|Any CPU
		Release|Any CPU = Release|Any CPU
	EndGlobalSection
	GlobalSection(ProjectConfigurationPlatforms) = postSolution
		{412ECCFF-732C-47AD-BF8D-F955AA18BE7E}.Debug|Any CPU.ActiveCfg = Debug|Any CPU
		{412ECCFF-732C-47AD-BF8D-F955AA18BE7E}.Debug|Any CPU.Build.0 = Debug|Any CPU
		{412ECCFF-732C-47AD-BF8D-F955AA18BE7E}.Release|Any CPU.ActiveCfg = Release|Any CPU
		{412ECCFF-732C-47AD-BF8D-F955AA18BE7E}.Release|Any CPU.Build.0 = Release|Any CPU
		{0509D56D-1AAC-4AC4-B45E-4C86027E36F7}.Debug|Any CPU.ActiveCfg = Debug|Any CPU
		{0509D56D-1AAC-4AC4-B45E-4C86027E36F7}.Debug|Any CPU.Build.0 = Debug|Any CPU
		{0509D56D-1AAC-4AC4-B45E-4C86027E36F7}.Release|Any CPU.ActiveCfg = Release|Any CPU
		{0509D56D-1AAC-4AC4-B45E-4C86027E36F7}.Release|Any CPU.Build.0 = Release|Any CPU
	EndGlobalSection
	GlobalSection(SolutionProperties) = preSolution
		HideSolutionNode = FALSE
	EndGlobalSection
	GlobalSection(ExtensibilityGlobals) = postSolution
		SolutionGuid = {071B0364-F713-4842-AA07-6BED3BE0816B}
	EndGlobalSection
EndGlobal
